
Microsoft Visual Studio Solution File, Format Version 12.00
# Visual Studio Version 17
VisualStudioVersion = 17.1.31911.260
MinimumVisualStudioVersion = 10.0.40219.1
Project("{FAE04EC0-301F-11D3-BF4B-00C04F79EFBC}") = "Lab4 UI", "Lab4 UI\Lab4 UI.csproj", "{16E67D09-8664-4F70-87C6-9995172CFFEF}"
EndProject
Global
	GlobalSection(SolutionConfigurationPlatforms) = preSolution
		Debug|Any CPU = Debug|Any CPU
		Release|Any CPU = Release|Any CPU
	EndGlobalSection
	GlobalSection(ProjectConfigurationPlatforms) = postSolution
		{16E67D09-8664-4F70-87C6-9995172CFFEF}.Debug|Any CPU.ActiveCfg = Debug|Any CPU
		{16E67D09-8664-4F70-87C6-9995172CFFEF}.Debug|Any CPU.Build.0 = Debug|Any CPU
		{16E67D09-8664-4F70-87C6-9995172CFFEF}.Release|Any CPU.ActiveCfg = Release|Any CPU
		{16E67D09-8664-4F70-87C6-9995172CFFEF}.Release|Any CPU.Build.0 = Release|Any CPU
	EndGlobalSection
	GlobalSection(SolutionProperties) = preSolution
		HideSolutionNode = FALSE
	EndGlobalSection
	GlobalSection(ExtensibilityGlobals) = postSolution
		SolutionGuid = {8DB6670F-E93D-4C4D-970D-348058F27035}
	EndGlobalSection
EndGlobal
